
Microsoft Visual Studio Solution File, Format Version 12.00
# Visual Studio 15
VisualStudioVersion = 15.0.28307.489
MinimumVisualStudioVersion = 10.0.40219.1
Project("{FAE04EC0-301F-11D3-BF4B-00C04F79EFBC}") = "WPFDemo", "WPFDemo\WPFDemo.csproj", "{6DE0760A-1EE4-44F9-83AB-86E4F615B6FE}"
EndProject
Global
	GlobalSection(SolutionConfigurationPlatforms) = preSolution
		Debug|Any CPU = Debug|Any CPU
		Release|Any CPU = Release|Any CPU
	EndGlobalSection
	GlobalSection(ProjectConfigurationPlatforms) = postSolution
		{6DE0760A-1EE4-44F9-83AB-86E4F615B6FE}.Debug|Any CPU.ActiveCfg = Debug|Any CPU
		{6DE0760A-1EE4-44F9-83AB-86E4F615B6FE}.Debug|Any CPU.Build.0 = Debug|Any CPU
		{6DE0760A-1EE4-44F9-83AB-86E4F615B6FE}.Release|Any CPU.ActiveCfg = Release|Any CPU
		{6DE0760A-1EE4-44F9-83AB-86E4F615B6FE}.Release|Any CPU.Build.0 = Release|Any CPU
	EndGlobalSection
	GlobalSection(SolutionProperties) = preSolution
		HideSolutionNode = FALSE
	EndGlobalSection
	GlobalSection(ExtensibilityGlobals) = postSolution
		SolutionGuid = {ECF53EB9-9A46-4990-975F-4FA4892F1D44}
	EndGlobalSection
EndGlobal
